PODS:
  - MIKMIDI (1.5.0)
  - Nimble (3.0.0)
  - Quick (0.8.0)
  - RxCocoa (2.0.0):
    - RxSwift (~> 2.0)
  - RxMidi (0.1.1):
    - MIKMIDI (~> 1.5)
    - RxCocoa (~> 2.0)
    - RxSwift (~> 2.0)
  - RxSwift (2.0.0)

DEPENDENCIES:
  - Nimble
  - Quick (~> 0.8)
  - RxMidi (from `../`)

EXTERNAL SOURCES:
  RxMidi:
    :path: ../

SPEC CHECKSUMS:
  MIKMIDI: d3fb1fdf3459eb9a5d3068536fb30e499266dea6
  Nimble: 4c353d43735b38b545cbb4cb91504588eb5de926
  Quick: 563d0f6ec5f72e394645adb377708639b7dd38ab
  RxCocoa: b0ebd70b4f7450bdb3c8987b122f8fd568dc1e2f
  RxMidi: 9def385c36f41dd7a77a397a792d9d986d5f36fd
  RxSwift: d83246efa6f16c50c143bec134649d045498f601

COCOAPODS: 0.39.0
